
Microsoft Visual Studio Solution File, Format Version 12.00
# Visual Studio Version 16
VisualStudioVersion = 16.0.31129.286
MinimumVisualStudioVersion = 10.0.40219.1
Project("{888888A0-9F3D-457C-B088-3A5042F75D52}") = "coheedus", "coheedus.pyproj", "{221F43B4-F38A-4BA5-9E92-5ADED3FD05DB}"
EndProject
Global
	GlobalSection(SolutionConfigurationPlatforms) = preSolution
		Debug|Any CPU = Debug|Any CPU
		Release|Any CPU = Release|Any CPU
	EndGlobalSection
	GlobalSection(ProjectConfigurationPlatforms) = postSolution
		{221F43B4-F38A-4BA5-9E92-5ADED3FD05DB}.Debug|Any CPU.ActiveCfg = Debug|Any CPU
		{221F43B4-F38A-4BA5-9E92-5ADED3FD05DB}.Release|Any CPU.ActiveCfg = Release|Any CPU
	EndGlobalSection
	GlobalSection(SolutionProperties) = preSolution
		HideSolutionNode = FALSE
	EndGlobalSection
	GlobalSection(ExtensibilityGlobals) = postSolution
		SolutionGuid = {1BAA3A94-4E38-460B-A890-912723A5898C}
	EndGlobalSection
EndGlobal
